{
  "name": "NEW-JAVASCRIPT-TUTORIAL",
  "lockfileVersion": 2,
  "requires": true,
  "packages": {
    "": {
      "dependencies": {
        "figma": "^0.0.1"
      }
    },
    "node_modules/figma": {
      "version": "0.0.1",
      "resolved": "https://registry.npmjs.org/figma/-/figma-0.0.1.tgz",
      "integrity": "sha512-hb25YblWHCpJqnqh7c0Oa9fIaiMKgzZUVevImGRj9Pt1YzyUs4neHnj9O9jo6Ui1Ka0BI7Nr1cgFC3E8XDVZyg=="
    }
  },
  "dependencies": {
    "figma": {
      "version": "0.0.1",
      "resolved": "https://registry.npmjs.org/figma/-/figma-0.0.1.tgz",
      "integrity": "sha512-hb25YblWHCpJqnqh7c0Oa9fIaiMKgzZUVevImGRj9Pt1YzyUs4neHnj9O9jo6Ui1Ka0BI7Nr1cgFC3E8XDVZyg=="
    }
  }
}
